// !$*UTF8*$!
{
	archiveVersion = 1;
	classes = {
	};
	objectVersion = 46;
	objects = {

/* Begin PBXBuildFile section */
		7A06D5461C40D9C7003039A8 /* GoodActivityViewController.m in Sources */ = {isa = PBXBuildFile; fileRef = 7A06D5451C40D9C7003039A8 /* GoodActivityViewController.m */; };
		7A06D54A1C40DA32003039A8 /* GoodTableViewCell.m in Sources */ = {isa = PBXBuildFile; fileRef = 7A06D5481C40DA32003039A8 /* GoodTableViewCell.m */; };
		7A06D54B1C40DA32003039A8 /* GoodTableViewCell.xib in Resources */ = {isa = PBXBuildFile; fileRef = 7A06D5491C40DA32003039A8 /* GoodTableViewCell.xib */; };
		7A19A1CF1C3A4E300010BAB5 /* DiscoverViewController.m in Sources */ = {isa = PBXBuildFile; fileRef = 7A19A1C21C3A4E300010BAB5 /* DiscoverViewController.m */; };
		7A19A1D01C3A4E300010BAB5 /* MainViewController.m in Sources */ = {isa = PBXBuildFile; fileRef = 7A19A1C81C3A4E300010BAB5 /* MainViewController.m */; };
		7A19A1D11C3A4E300010BAB5 /* MineViewController.m in Sources */ = {isa = PBXBuildFile; fileRef = 7A19A1CE1C3A4E300010BAB5 /* MineViewController.m */; };
		7A19A1D51C3A50680010BAB5 /* Main.storyboard in Resources */ = {isa = PBXBuildFile; fileRef = 7A19A1D41C3A50680010BAB5 /* Main.storyboard */; };
		7A19A1D71C3A50900010BAB5 /* Discover.storyboard in Resources */ = {isa = PBXBuildFile; fileRef = 7A19A1D61C3A50900010BAB5 /* Discover.storyboard */; };
		7A19A1D91C3A50C30010BAB5 /* Mine.storyboard in Resources */ = {isa = PBXBuildFile; fileRef = 7A19A1D81C3A50C30010BAB5 /* Mine.storyboard */; };
		7A39F51C1C3BA06800961839 /* MainModel.m in Sources */ = {isa = PBXBuildFile; fileRef = 7A39F51B1C3BA06800961839 /* MainModel.m */; };
		7A3D71051C3F5817003B616E /* Activity.plist in Resources */ = {isa = PBXBuildFile; fileRef = 7A3D71041C3F5817003B616E /* Activity.plist */; };
		7A3D71071C3F5B08003B616E /* Theme.plist in Resources */ = {isa = PBXBuildFile; fileRef = 7A3D71061C3F5B08003B616E /* Theme.plist */; };
		7A3D710A1C3F5EC8003B616E /* ActivityThemeView.m in Sources */ = {isa = PBXBuildFile; fileRef = 7A3D71091C3F5EC8003B616E /* ActivityThemeView.m */; };
		7A3D710E1C3F9A5A003B616E /* MainTableViewCell.m in Sources */ = {isa = PBXBuildFile; fileRef = 7A3D710C1C3F9A5A003B616E /* MainTableViewCell.m */; };
		7A3D710F1C3F9A5A003B616E /* MainTableViewCell.xib in Resources */ = {isa = PBXBuildFile; fileRef = 7A3D710D1C3F9A5A003B616E /* MainTableViewCell.xib */; };
		7A3D71111C3F9A9C003B616E /* Main.plist in Resources */ = {isa = PBXBuildFile; fileRef = 7A3D71101C3F9A9C003B616E /* Main.plist */; };
		7A3D71171C3F9E82003B616E /* blueArrow.png in Resources */ = {isa = PBXBuildFile; fileRef = 7A3D71131C3F9E82003B616E /* blueArrow.png */; };
		7A3D71181C3F9E82003B616E /* blueArrowDown.png in Resources */ = {isa = PBXBuildFile; fileRef = 7A3D71141C3F9E82003B616E /* blueArrowDown.png */; };
		7A3D71191C3F9E82003B616E /* PullingRefreshTableView.m in Sources */ = {isa = PBXBuildFile; fileRef = 7A3D71161C3F9E82003B616E /* PullingRefreshTableView.m */; settings = {COMPILER_FLAGS = "-fno-objc-arc"; }; };
		7A7900021C43A8440049133E /* typeid6.plist in Resources */ = {isa = PBXBuildFile; fileRef = 7A79FFFE1C43A8440049133E /* typeid6.plist */; };
		7A7900031C43A8440049133E /* typeid22.plist in Resources */ = {isa = PBXBuildFile; fileRef = 7A79FFFF1C43A8440049133E /* typeid22.plist */; };
		7A7900041C43A8440049133E /* typeid23.plist in Resources */ = {isa = PBXBuildFile; fileRef = 7A7900001C43A8440049133E /* typeid23.plist */; };
		7A7900051C43A8440049133E /* typeud21.plist in Resources */ = {isa = PBXBuildFile; fileRef = 7A7900011C43A8440049133E /* typeud21.plist */; };
		7A792C391C4218900059C918 /* HotTableViewCell.m in Sources */ = {isa = PBXBuildFile; fileRef = 7A792C371C4218900059C918 /* HotTableViewCell.m */; };
		7A792C3A1C4218900059C918 /* HotTableViewCell.xib in Resources */ = {isa = PBXBuildFile; fileRef = 7A792C381C4218900059C918 /* HotTableViewCell.xib */; };
		7A8B981A1C42696A0023E6E5 /* HotModel.m in Sources */ = {isa = PBXBuildFile; fileRef = 7A8B98191C42696A0023E6E5 /* HotModel.m */; };
		7A8E9B701C3A1CD500D529C4 /* main.m in Sources */ = {isa = PBXBuildFile; fileRef = 7A8E9B6F1C3A1CD500D529C4 /* main.m */; };
		7A8E9B731C3A1CD500D529C4 /* AppDelegate.m in Sources */ = {isa = PBXBuildFile; fileRef = 7A8E9B721C3A1CD500D529C4 /* AppDelegate.m */; };
		7A8E9B751C3A1CD500D529C4 /* Assets.xcassets in Resources */ = {isa = PBXBuildFile; fileRef = 7A8E9B741C3A1CD500D529C4 /* Assets.xcassets */; };
		7A8E9B781C3A1CD500D529C4 /* LaunchScreen.storyboard in Resources */ = {isa = PBXBuildFile; fileRef = 7A8E9B761C3A1CD500D529C4 /* LaunchScreen.storyboard */; };
		7A9AB2421C3E10DB00BD1D1B /* AcyivityDetailView.m in Sources */ = {isa = PBXBuildFile; fileRef = 7A9AB2411C3E10DB00BD1D1B /* AcyivityDetailView.m */; };
		7A9AB27D1C3E4C5300BD1D1B /* HWTools.m in Sources */ = {isa = PBXBuildFile; fileRef = 7A9AB27C1C3E4C5300BD1D1B /* HWTools.m */; };
		7A9AB2801C3E5B0B00BD1D1B /* UIView+Estension.m in Sources */ = {isa = PBXBuildFile; fileRef = 7A9AB27F1C3E5B0B00BD1D1B /* UIView+Estension.m */; };
		7AB1328E1C3FBCC000192BEF /* good.plist in Resources */ = {isa = PBXBuildFile; fileRef = 7AB1328D1C3FBCC000192BEF /* good.plist */; };
		7AB132911C3FBE3600192BEF /* GoodActivityModel.m in Sources */ = {isa = PBXBuildFile; fileRef = 7AB132901C3FBE3600192BEF /* GoodActivityModel.m */; };
		7AB5F6791C43912700E88877 /* VOContentLayer.m in Sources */ = {isa = PBXBuildFile; fileRef = 7AB5F6721C43912700E88877 /* VOContentLayer.m */; };
		7AB5F67A1C43912700E88877 /* VOIndicatorAnimation.m in Sources */ = {isa = PBXBuildFile; fileRef = 7AB5F6741C43912700E88877 /* VOIndicatorAnimation.m */; };
		7AB5F67B1C43912700E88877 /* VOSegment.m in Sources */ = {isa = PBXBuildFile; fileRef = 7AB5F6761C43912700E88877 /* VOSegment.m */; };
		7AB5F67C1C43912700E88877 /* VOSegmentedControl.m in Sources */ = {isa = PBXBuildFile; fileRef = 7AB5F6781C43912700E88877 /* VOSegmentedControl.m */; };
		7AE08FB51C3CBC1B00D97B2B /* SelectViewController.m in Sources */ = {isa = PBXBuildFile; fileRef = 7AE08FB41C3CBC1B00D97B2B /* SelectViewController.m */; };
		7AE08FB81C3CBDC000D97B2B /* SearchViewController.m in Sources */ = {isa = PBXBuildFile; fileRef = 7AE08FB71C3CBDC000D97B2B /* SearchViewController.m */; };
		7AE08FBB1C3CBE7000D97B2B /* ActivityViewController.m in Sources */ = {isa = PBXBuildFile; fileRef = 7AE08FBA1C3CBE7000D97B2B /* ActivityViewController.m */; };
		7AE08FBE1C3CBF4300D97B2B /* ThemeViewViewController.m in Sources */ = {isa = PBXBuildFile; fileRef = 7AE08FBD1C3CBF4300D97B2B /* ThemeViewViewController.m */; };
		7AE08FC11C3CBFE200D97B2B /* ClassifyViewController.m in Sources */ = {isa = PBXBuildFile; fileRef = 7AE08FC01C3CBFE200D97B2B /* ClassifyViewController.m */; };
		7AE08FC71C3CC08300D97B2B /* HotActivityViewController.m in Sources */ = {isa = PBXBuildFile; fileRef = 7AE08FC61C3CC08300D97B2B /* HotActivityViewController.m */; };
		7AE08FCF1C3D205500D97B2B /* UIViewController+Common.m in Sources */ = {isa = PBXBuildFile; fileRef = 7AE08FCE1C3D205500D97B2B /* UIViewController+Common.m */; };
		F8E26E14DCE3581B2DD9E270 /* libPods.a in Frameworks */ = {isa = PBXBuildFile; fileRef = 61C0FECD36F3CBFC2BE3428E /* libPods.a */; };
/* End PBXBuildFile section */

/* Begin PBXFileReference section */
		61C0FECD36F3CBFC2BE3428E /* libPods.a */ = {isa = PBXFileReference; explicitFileType = archive.ar; includeInIndex = 0; path = libPods.a; sourceTree = BUILT_PRODUCTS_DIR; };
		7A06D5441C40D9C7003039A8 /* GoodActivityViewController.h */ = {isa = PBXFileReference; fileEncoding = 4; lastKnownFileType = sourcecode.c.h; path = GoodActivityViewController.h; sourceTree = "<group>"; };
		7A06D5451C40D9C7003039A8 /* GoodActivityViewController.m */ = {isa = PBXFileReference; fileEncoding = 4; lastKnownFileType = sourcecode.c.objc; path = GoodActivityViewController.m; sourceTree = "<group>"; };
		7A06D5471C40DA32003039A8 /* GoodTableViewCell.h */ = {isa = PBXFileReference; fileEncoding = 4; lastKnownFileType = sourcecode.c.h; path = GoodTableViewCell.h; sourceTree = "<group>"; };
		7A06D5481C40DA32003039A8 /* GoodTableViewCell.m */ = {isa = PBXFileReference; fileEncoding = 4; lastKnownFileType = sourcecode.c.objc; path = GoodTableViewCell.m; sourceTree = "<group>"; };
		7A06D5491C40DA32003039A8 /* GoodTableViewCell.xib */ = {isa = PBXFileReference; fileEncoding = 4; lastKnownFileType = file.xib; path = GoodTableViewCell.xib; sourceTree = "<group>"; };
		7A19A1C11C3A4E300010BAB5 /* DiscoverViewController.h */ = {isa = PBXFileReference; fileEncoding = 4; lastKnownFileType = sourcecode.c.h; path = DiscoverViewController.h; sourceTree = "<group>"; };
		7A19A1C21C3A4E300010BAB5 /* DiscoverViewController.m */ = {isa = PBXFileReference; fileEncoding = 4; lastKnownFileType = sourcecode.c.objc; path = DiscoverViewController.m; sourceTree = "<group>"; };
		7A19A1C71C3A4E300010BAB5 /* MainViewController.h */ = {isa = PBXFileReference; fileEncoding = 4; lastKnownFileType = sourcecode.c.h; path = MainViewController.h; sourceTree = "<group>"; };
		7A19A1C81C3A4E300010BAB5 /* MainViewController.m */ = {isa = PBXFileReference; fileEncoding = 4; lastKnownFileType = sourcecode.c.objc; path = MainViewController.m; sourceTree = "<group>"; };
		7A19A1CD1C3A4E300010BAB5 /* MineViewController.h */ = {isa = PBXFileReference; fileEncoding = 4; lastKnownFileType = sourcecode.c.h; path = MineViewController.h; sourceTree = "<group>"; };
		7A19A1CE1C3A4E300010BAB5 /* MineViewController.m */ = {isa = PBXFileReference; fileEncoding = 4; lastKnownFileType = sourcecode.c.objc; path = MineViewController.m; sourceTree = "<group>"; };
		7A19A1D41C3A50680010BAB5 /* Main.storyboard */ = {isa = PBXFileReference; fileEncoding = 4; lastKnownFileType = file.storyboard; name = Main.storyboard; path = ../Main.storyboard; sourceTree = "<group>"; };
		7A19A1D61C3A50900010BAB5 /* Discover.storyboard */ = {isa = PBXFileReference; fileEncoding = 4; lastKnownFileType = file.storyboard; path = Discover.storyboard; sourceTree = "<group>"; };
		7A19A1D81C3A50C30010BAB5 /* Mine.storyboard */ = {isa = PBXFileReference; fileEncoding = 4; lastKnownFileType = file.storyboard; path = Mine.storyboard; sourceTree = "<group>"; };
		7A39F51A1C3BA06800961839 /* MainModel.h */ = {isa = PBXFileReference; fileEncoding = 4; lastKnownFileType = sourcecode.c.h; path = MainModel.h; sourceTree = "<group>"; };
		7A39F51B1C3BA06800961839 /* MainModel.m */ = {isa = PBXFileReference; fileEncoding = 4; lastKnownFileType = sourcecode.c.objc; path = MainModel.m; sourceTree = "<group>"; };
		7A3D71041C3F5817003B616E /* Activity.plist */ = {isa = PBXFileReference; fileEncoding = 4; lastKnownFileType = text.plist.xml; path = Activity.plist; sourceTree = "<group>"; };
		7A3D71061C3F5B08003B616E /* Theme.plist */ = {isa = PBXFileReference; fileEncoding = 4; lastKnownFileType = text.plist.xml; path = Theme.plist; sourceTree = "<group>"; };
		7A3D71081C3F5EC8003B616E /* ActivityThemeView.h */ = {isa = PBXFileReference; fileEncoding = 4; lastKnownFileType = sourcecode.c.h; path = ActivityThemeView.h; sourceTree = "<group>"; };
		7A3D71091C3F5EC8003B616E /* ActivityThemeView.m */ = {isa = PBXFileReference; fileEncoding = 4; lastKnownFileType = sourcecode.c.objc; path = ActivityThemeView.m; sourceTree = "<group>"; };
		7A3D710B1C3F9A5A003B616E /* MainTableViewCell.h */ = {isa = PBXFileReference; fileEncoding = 4; lastKnownFileType = sourcecode.c.h; path = MainTableViewCell.h; sourceTree = "<group>"; };
		7A3D710C1C3F9A5A003B616E /* MainTableViewCell.m */ = {isa = PBXFileReference; fileEncoding = 4; lastKnownFileType = sourcecode.c.objc; path = MainTableViewCell.m; sourceTree = "<group>"; };
		7A3D710D1C3F9A5A003B616E /* MainTableViewCell.xib */ = {isa = PBXFileReference; fileEncoding = 4; lastKnownFileType = file.xib; path = MainTableViewCell.xib; sourceTree = "<group>"; };
		7A3D71101C3F9A9C003B616E /* Main.plist */ = {isa = PBXFileReference; lastKnownFileType = text.plist; path = Main.plist; sourceTree = "<group>"; };
		7A3D71131C3F9E82003B616E /* blueArrow.png */ = {isa = PBXFileReference; lastKnownFileType = image.png; path = blueArrow.png; sourceTree = "<group>"; };
		7A3D71141C3F9E82003B616E /* blueArrowDown.png */ = {isa = PBXFileReference; lastKnownFileType = image.png; path = blueArrowDown.png; sourceTree = "<group>"; };
		7A3D71151C3F9E82003B616E /* PullingRefreshTableView.h */ = {isa = PBXFileReference; fileEncoding = 4; lastKnownFileType = sourcecode.c.h; path = PullingRefreshTableView.h; sourceTree = "<group>"; };
		7A3D71161C3F9E82003B616E /* PullingRefreshTableView.m */ = {isa = PBXFileReference; fileEncoding = 4; lastKnownFileType = sourcecode.c.objc; path = PullingRefreshTableView.m; sourceTree = "<group>"; };
		7A7900001C43A8440049133E /* typeid23.plist */ = {isa = PBXFileReference; lastKnownFileType = text.plist; path = typeid23.plist; sourceTree = "<group>"; };
		7A7900011C43A8440049133E /* typeud21.plist */ = {isa = PBXFileReference; lastKnownFileType = text.plist; path = typeud21.plist; sourceTree = "<group>"; };
		7A792C361C4218900059C918 /* HotTableViewCell.h */ = {isa = PBXFileReference; fileEncoding = 4; lastKnownFileType = sourcecode.c.h; path = HotTableViewCell.h; sourceTree = "<group>"; };
		7A792C371C4218900059C918 /* HotTableViewCell.m */ = {isa = PBXFileReference; fileEncoding = 4; lastKnownFileType = sourcecode.c.objc; path = HotTableViewCell.m; sourceTree = "<group>"; };
		7A792C381C4218900059C918 /* HotTableViewCell.xib */ = {isa = PBXFileReference; fileEncoding = 4; lastKnownFileType = file.xib; path = HotTableViewCell.xib; sourceTree = "<group>"; };
		7A79FFFE1C43A8440049133E /* typeid6.plist */ = {isa = PBXFileReference; lastKnownFileType = text.plist; path = typeid6.plist; sourceTree = "<group>"; };
		7A79FFFF1C43A8440049133E /* typeid22.plist */ = {isa = PBXFileReference; lastKnownFileType = text.plist; path = typeid22.plist; sourceTree = "<group>"; };
		7A8B98181C42696A0023E6E5 /* HotModel.h */ = {isa = PBXFileReference; fileEncoding = 4; lastKnownFileType = sourcecode.c.h; path = HotModel.h; sourceTree = "<group>"; };
		7A8B98191C42696A0023E6E5 /* HotModel.m */ = {isa = PBXFileReference; fileEncoding = 4; lastKnownFileType = sourcecode.c.objc; path = HotModel.m; sourceTree = "<group>"; };
		7A8E9B6B1C3A1CD500D529C4 /* HappyWeadFang.app */ = {isa = PBXFileReference; explicitFileType = wrapper.application; includeInIndex = 0; path = HappyWeadFang.app; sourceTree = BUILT_PRODUCTS_DIR; };
		7A8E9B6F1C3A1CD500D529C4 /* main.m */ = {isa = PBXFileReference; lastKnownFileType = sourcecode.c.objc; path = main.m; sourceTree = "<group>"; };
		7A8E9B711C3A1CD500D529C4 /* AppDelegate.h */ = {isa = PBXFileReference; lastKnownFileType = sourcecode.c.h; path = AppDelegate.h; sourceTree = "<group>"; };
		7A8E9B721C3A1CD500D529C4 /* AppDelegate.m */ = {isa = PBXFileReference; lastKnownFileType = sourcecode.c.objc; path = AppDelegate.m; sourceTree = "<group>"; };
		7A8E9B741C3A1CD500D529C4 /* Assets.xcassets */ = {isa = PBXFileReference; lastKnownFileType = folder.assetcatalog; path = Assets.xcassets; sourceTree = "<group>"; };
		7A8E9B771C3A1CD500D529C4 /* Base */ = {isa = PBXFileReference; lastKnownFileType = file.storyboard; name = Base; path = Base.lproj/LaunchScreen.storyboard; sourceTree = "<group>"; };
		7A8E9B791C3A1CD500D529C4 /* Info.plist */ = {isa = PBXFileReference; lastKnownFileType = text.plist.xml; path = Info.plist; sourceTree = "<group>"; };
		7A9AB2401C3E10DB00BD1D1B /* AcyivityDetailView.h */ = {isa = PBXFileReference; fileEncoding = 4; lastKnownFileType = sourcecode.c.h; path = AcyivityDetailView.h; sourceTree = "<group>"; };
		7A9AB2411C3E10DB00BD1D1B /* AcyivityDetailView.m */ = {isa = PBXFileReference; fileEncoding = 4; lastKnownFileType = sourcecode.c.objc; path = AcyivityDetailView.m; sourceTree = "<group>"; };
		7A9AB27B1C3E4C5300BD1D1B /* HWTools.h */ = {isa = PBXFileReference; fileEncoding = 4; lastKnownFileType = sourcecode.c.h; path = HWTools.h; sourceTree = "<group>"; };
		7A9AB27C1C3E4C5300BD1D1B /* HWTools.m */ = {isa = PBXFileReference; fileEncoding = 4; lastKnownFileType = sourcecode.c.objc; path = HWTools.m; sourceTree = "<group>"; };
		7A9AB27E1C3E5B0B00BD1D1B /* UIView+Estension.h */ = {isa = PBXFileReference; fileEncoding = 4; lastKnownFileType = sourcecode.c.h; path = "UIView+Estension.h"; sourceTree = "<group>"; };
		7A9AB27F1C3E5B0B00BD1D1B /* UIView+Estension.m */ = {isa = PBXFileReference; fileEncoding = 4; lastKnownFileType = sourcecode.c.objc; path = "UIView+Estension.m"; sourceTree = "<group>"; };
		7AB1328D1C3FBCC000192BEF /* good.plist */ = {isa = PBXFileReference; lastKnownFileType = text.plist; path = good.plist; sourceTree = "<group>"; };
		7AB1328F1C3FBE3600192BEF /* GoodActivityModel.h */ = {isa = PBXFileReference; fileEncoding = 4; lastKnownFileType = sourcecode.c.h; path = GoodActivityModel.h; sourceTree = "<group>"; };
		7AB132901C3FBE3600192BEF /* GoodActivityModel.m */ = {isa = PBXFileReference; fileEncoding = 4; lastKnownFileType = sourcecode.c.objc; path = GoodActivityModel.m; sourceTree = "<group>"; };
		7AB5F6711C43912700E88877 /* VOContentLayer.h */ = {isa = PBXFileReference; fileEncoding = 4; lastKnownFileType = sourcecode.c.h; path = VOContentLayer.h; sourceTree = "<group>"; };
		7AB5F6721C43912700E88877 /* VOContentLayer.m */ = {isa = PBXFileReference; fileEncoding = 4; lastKnownFileType = sourcecode.c.objc; path = VOContentLayer.m; sourceTree = "<group>"; };
		7AB5F6731C43912700E88877 /* VOIndicatorAnimation.h */ = {isa = PBXFileReference; fileEncoding = 4; lastKnownFileType = sourcecode.c.h; path = VOIndicatorAnimation.h; sourceTree = "<group>"; };
		7AB5F6741C43912700E88877 /* VOIndicatorAnimation.m */ = {isa = PBXFileReference; fileEncoding = 4; lastKnownFileType = sourcecode.c.objc; path = VOIndicatorAnimation.m; sourceTree = "<group>"; };
		7AB5F6751C43912700E88877 /* VOSegment.h */ = {isa = PBXFileReference; fileEncoding = 4; lastKnownFileType = sourcecode.c.h; path = VOSegment.h; sourceTree = "<group>"; };
		7AB5F6761C43912700E88877 /* VOSegment.m */ = {isa = PBXFileReference; fileEncoding = 4; lastKnownFileType = sourcecode.c.objc; path = VOSegment.m; sourceTree = "<group>"; };
		7AB5F6771C43912700E88877 /* VOSegmentedControl.h */ = {isa = PBXFileReference; fileEncoding = 4; lastKnownFileType = sourcecode.c.h; path = VOSegmentedControl.h; sourceTree = "<group>"; };
		7AB5F6781C43912700E88877 /* VOSegmentedControl.m */ = {isa = PBXFileReference; fileEncoding = 4; lastKnownFileType = sourcecode.c.objc; path = VOSegmentedControl.m; sourceTree = "<group>"; };
		7AE08FAF1C3CAC7900D97B2B /* Prefix.pch */ = {isa = PBXFileReference; fileEncoding = 4; lastKnownFileType = sourcecode.c.h; path = Prefix.pch; sourceTree = "<group>"; };
		7AE08FB21C3CB34800D97B2B /* Header.h */ = {isa = PBXFileReference; fileEncoding = 4; lastKnownFileType = sourcecode.c.h; path = Header.h; sourceTree = "<group>"; };
		7AE08FB31C3CBC1B00D97B2B /* SelectViewController.h */ = {isa = PBXFileReference; fileEncoding = 4; lastKnownFileType = sourcecode.c.h; path = SelectViewController.h; sourceTree = "<group>"; };
		7AE08FB41C3CBC1B00D97B2B /* SelectViewController.m */ = {isa = PBXFileReference; fileEncoding = 4; lastKnownFileType = sourcecode.c.objc; path = SelectViewController.m; sourceTree = "<group>"; };
		7AE08FB61C3CBDC000D97B2B /* SearchViewController.h */ = {isa = PBXFileReference; fileEncoding = 4; lastKnownFileType = sourcecode.c.h; path = SearchViewController.h; sourceTree = "<group>"; };
		7AE08FB71C3CBDC000D97B2B /* SearchViewController.m */ = {isa = PBXFileReference; fileEncoding = 4; lastKnownFileType = sourcecode.c.objc; path = SearchViewController.m; sourceTree = "<group>"; };
		7AE08FB91C3CBE7000D97B2B /* ActivityViewController.h */ = {isa = PBXFileReference; fileEncoding = 4; lastKnownFileType = sourcecode.c.h; path = ActivityViewController.h; sourceTree = "<group>"; };
		7AE08FBA1C3CBE7000D97B2B /* ActivityViewController.m */ = {isa = PBXFileReference; fileEncoding = 4; lastKnownFileType = sourcecode.c.objc; path = ActivityViewController.m; sourceTree = "<group>"; };
		7AE08FBC1C3CBF4300D97B2B /* ThemeViewViewController.h */ = {isa = PBXFileReference; fileEncoding = 4; lastKnownFileType = sourcecode.c.h; path = ThemeViewViewController.h; sourceTree = "<group>"; };
		7AE08FBD1C3CBF4300D97B2B /* ThemeViewViewController.m */ = {isa = PBXFileReference; fileEncoding = 4; lastKnownFileType = sourcecode.c.objc; path = ThemeViewViewController.m; sourceTree = "<group>"; };
		7AE08FBF1C3CBFE200D97B2B /* ClassifyViewController.h */ = {isa = PBXFileReference; fileEncoding = 4; lastKnownFileType = sourcecode.c.h; path = ClassifyViewController.h; sourceTree = "<group>"; };
		7AE08FC01C3CBFE200D97B2B /* ClassifyViewController.m */ = {isa = PBXFileReference; fileEncoding = 4; lastKnownFileType = sourcecode.c.objc; path = ClassifyViewController.m; sourceTree = "<group>"; };
		7AE08FC51C3CC08300D97B2B /* HotActivityViewController.h */ = {isa = PBXFileReference; fileEncoding = 4; lastKnownFileType = sourcecode.c.h; path = HotActivityViewController.h; sourceTree = "<group>"; };
		7AE08FC61C3CC08300D97B2B /* HotActivityViewController.m */ = {isa = PBXFileReference; fileEncoding = 4; lastKnownFileType = sourcecode.c.objc; path = HotActivityViewController.m; sourceTree = "<group>"; };
		7AE08FCD1C3D205500D97B2B /* UIViewController+Common.h */ = {isa = PBXFileReference; fileEncoding = 4; lastKnownFileType = sourcecode.c.h; path = "UIViewController+Common.h"; sourceTree = "<group>"; };
		7AE08FCE1C3D205500D97B2B /* UIViewController+Common.m */ = {isa = PBXFileReference; fileEncoding = 4; lastKnownFileType = sourcecode.c.objc; path = "UIViewController+Common.m"; sourceTree = "<group>"; };
		B8D3842EB655D3CAF228A2C5 /* Pods.debug.xcconfig */ = {isa = PBXFileReference; includeInIndex = 1; lastKnownFileType = text.xcconfig; name = Pods.debug.xcconfig; path = "Pods/Target Support Files/Pods/Pods.debug.xcconfig"; sourceTree = "<group>"; };
		FF2496CD85BFA8D999F32832 /* Pods.release.xcconfig */ = {isa = PBXFileReference; includeInIndex = 1; lastKnownFileType = text.xcconfig; name = Pods.release.xcconfig; path = "Pods/Target Support Files/Pods/Pods.release.xcconfig"; sourceTree = "<group>"; };
/* End PBXFileReference section */

/* Begin PBXFrameworksBuildPhase section */
		7A8E9B681C3A1CD500D529C4 /* Frameworks */ = {
			isa = PBXFrameworksBuildPhase;
			buildActionMask = 2147483647;
			files = (
				F8E26E14DCE3581B2DD9E270 /* libPods.a in Frameworks */,
			);
			runOnlyForDeploymentPostprocessing = 0;
		};
/* End PBXFrameworksBuildPhase section */

/* Begin PBXGroup section */
		0D97C00113703796202382AD /* Frameworks */ = {
			isa = PBXGroup;
			children = (
				61C0FECD36F3CBFC2BE3428E /* libPods.a */,
			);
			name = Frameworks;
			sourceTree = "<group>";
		};
		7A19A1BC1C3A4E300010BAB5 /* Classes */ = {
			isa = PBXGroup;
			children = (
				7A19A1C31C3A4E300010BAB5 /* Main */,
				7A19A1BD1C3A4E300010BAB5 /* Discover */,
				7A19A1C91C3A4E300010BAB5 /* Mine */,
			);
			path = Classes;
			sourceTree = "<group>";
		};
		7A19A1BD1C3A4E300010BAB5 /* Discover */ = {
			isa = PBXGroup;
			children = (
				7A19A1BE1C3A4E300010BAB5 /* cell */,
				7A19A1BF1C3A4E300010BAB5 /* Model */,
				7A19A1C01C3A4E300010BAB5 /* ViewController */,
			);
			path = Discover;
			sourceTree = "<group>";
		};
		7A19A1BE1C3A4E300010BAB5 /* cell */ = {
			isa = PBXGroup;
			children = (
				7A19A1D61C3A50900010BAB5 /* Discover.storyboard */,
			);
			path = cell;
			sourceTree = "<group>";
		};
		7A19A1BF1C3A4E300010BAB5 /* Model */ = {
			isa = PBXGroup;
			children = (
			);
			path = Model;
			sourceTree = "<group>";
		};
		7A19A1C01C3A4E300010BAB5 /* ViewController */ = {
			isa = PBXGroup;
			children = (
				7A19A1C11C3A4E300010BAB5 /* DiscoverViewController.h */,
				7A19A1C21C3A4E300010BAB5 /* DiscoverViewController.m */,
			);
			path = ViewController;
			sourceTree = "<group>";
		};
		7A19A1C31C3A4E300010BAB5 /* Main */ = {
			isa = PBXGroup;
			children = (
				7A19A1C61C3A4E300010BAB5 /* ViewController */,
				7A19A1C41C3A4E300010BAB5 /* cell */,
				7A19A1C51C3A4E300010BAB5 /* Model */,
			);
			path = Main;
			sourceTree = "<group>";
		};
		7A19A1C41C3A4E300010BAB5 /* cell */ = {
			isa = PBXGroup;
			children = (
				7A792C361C4218900059C918 /* HotTableViewCell.h */,
				7A792C371C4218900059C918 /* HotTableViewCell.m */,
				7A792C381C4218900059C918 /* HotTableViewCell.xib */,
				7A06D5471C40DA32003039A8 /* GoodTableViewCell.h */,
				7A06D5481C40DA32003039A8 /* GoodTableViewCell.m */,
				7A06D5491C40DA32003039A8 /* GoodTableViewCell.xib */,
				7A3D710B1C3F9A5A003B616E /* MainTableViewCell.h */,
				7A3D710C1C3F9A5A003B616E /* MainTableViewCell.m */,
				7A3D710D1C3F9A5A003B616E /* MainTableViewCell.xib */,
				7A3D71081C3F5EC8003B616E /* ActivityThemeView.h */,
				7A3D71091C3F5EC8003B616E /* ActivityThemeView.m */,
				7A19A1D41C3A50680010BAB5 /* Main.storyboard */,
				7A9AB2401C3E10DB00BD1D1B /* AcyivityDetailView.h */,
				7A9AB2411C3E10DB00BD1D1B /* AcyivityDetailView.m */,
			);
			path = cell;
			sourceTree = "<group>";
		};
		7A19A1C51C3A4E300010BAB5 /* Model */ = {
			isa = PBXGroup;
			children = (
				7A3D71101C3F9A9C003B616E /* Main.plist */,
				7A3D71041C3F5817003B616E /* Activity.plist */,
				7A79FFFE1C43A8440049133E /* typeid6.plist */,
				7A79FFFF1C43A8440049133E /* typeid22.plist */,
				7A7900001C43A8440049133E /* typeid23.plist */,
				7A7900011C43A8440049133E /* typeud21.plist */,
				7AB1328F1C3FBE3600192BEF /* GoodActivityModel.h */,
				7AB132901C3FBE3600192BEF /* GoodActivityModel.m */,
				7A8B98181C42696A0023E6E5 /* HotModel.h */,
				7A8B98191C42696A0023E6E5 /* HotModel.m */,
				7A3D71061C3F5B08003B616E /* Theme.plist */,
				7AB1328D1C3FBCC000192BEF /* good.plist */,
				7A39F51A1C3BA06800961839 /* MainModel.h */,
				7A39F51B1C3BA06800961839 /* MainModel.m */,
			);
			path = Model;
			sourceTree = "<group>";
		};
		7A19A1C61C3A4E300010BAB5 /* ViewController */ = {
			isa = PBXGroup;
			children = (
				7A19A1C71C3A4E300010BAB5 /* MainViewController.h */,
				7A19A1C81C3A4E300010BAB5 /* MainViewController.m */,
				7AE08FB91C3CBE7000D97B2B /* ActivityViewController.h */,
				7AE08FBA1C3CBE7000D97B2B /* ActivityViewController.m */,
				7AE08FBC1C3CBF4300D97B2B /* ThemeViewViewController.h */,
				7AE08FBD1C3CBF4300D97B2B /* ThemeViewViewController.m */,
				7A06D5441C40D9C7003039A8 /* GoodActivityViewController.h */,
				7A06D5451C40D9C7003039A8 /* GoodActivityViewController.m */,
				7AE08FC51C3CC08300D97B2B /* HotActivityViewController.h */,
				7AE08FC61C3CC08300D97B2B /* HotActivityViewController.m */,
				7AE08FBF1C3CBFE200D97B2B /* ClassifyViewController.h */,
				7AE08FC01C3CBFE200D97B2B /* ClassifyViewController.m */,
				7AE08FB61C3CBDC000D97B2B /* SearchViewController.h */,
				7AE08FB71C3CBDC000D97B2B /* SearchViewController.m */,
				7AE08FB31C3CBC1B00D97B2B /* SelectViewController.h */,
				7AE08FB41C3CBC1B00D97B2B /* SelectViewController.m */,
			);
			path = ViewController;
			sourceTree = "<group>";
		};
		7A19A1C91C3A4E300010BAB5 /* Mine */ = {
			isa = PBXGroup;
			children = (
				7A19A1CA1C3A4E300010BAB5 /* cell */,
				7A19A1CB1C3A4E300010BAB5 /* Model */,
				7A19A1CC1C3A4E300010BAB5 /* ViewController */,
			);
			path = Mine;
			sourceTree = "<group>";
		};
		7A19A1CA1C3A4E300010BAB5 /* cell */ = {
			isa = PBXGroup;
			children = (
				7A19A1D81C3A50C30010BAB5 /* Mine.storyboard */,
			);
			path = cell;
			sourceTree = "<group>";
		};
		7A19A1CB1C3A4E300010BAB5 /* Model */ = {
			isa = PBXGroup;
			children = (
			);
			path = Model;
			sourceTree = "<group>";
		};
		7A19A1CC1C3A4E300010BAB5 /* ViewController */ = {
			isa = PBXGroup;
			children = (
				7A19A1CD1C3A4E300010BAB5 /* MineViewController.h */,
				7A19A1CE1C3A4E300010BAB5 /* MineViewController.m */,
			);
			path = ViewController;
			sourceTree = "<group>";
		};
		7A19A1D21C3A4E6B0010BAB5 /* Library */ = {
			isa = PBXGroup;
			children = (
				7AB5F6701C43912700E88877 /* VOSegmentedControl */,
				7A3D71121C3F9E82003B616E /* PullingRefreshTableView */,
				7AE08FB11C3CB34800D97B2B /* HWTools */,
			);
			path = Library;
			sourceTree = "<group>";
		};
		7A19A1D31C3A4FA60010BAB5 /* Resources */ = {
			isa = PBXGroup;
			children = (
			);
			path = Resources;
			sourceTree = "<group>";
		};
		7A3D71121C3F9E82003B616E /* PullingRefreshTableView */ = {
			isa = PBXGroup;
			children = (
				7A3D71131C3F9E82003B616E /* blueArrow.png */,
				7A3D71141C3F9E82003B616E /* blueArrowDown.png */,
				7A3D71151C3F9E82003B616E /* PullingRefreshTableView.h */,
				7A3D71161C3F9E82003B616E /* PullingRefreshTableView.m */,
			);
			path = PullingRefreshTableView;
			sourceTree = "<group>";
		};
		7A8E9B621C3A1CD500D529C4 = {
			isa = PBXGroup;
			children = (
				7A8E9B6D1C3A1CD500D529C4 /* HappyWeadFang */,
				7A8E9B6C1C3A1CD500D529C4 /* Products */,
				88982E3C3299CD19C84C53E0 /* Pods */,
				0D97C00113703796202382AD /* Frameworks */,
			);
			sourceTree = "<group>";
		};
		7A8E9B6C1C3A1CD500D529C4 /* Products */ = {
			isa = PBXGroup;
			children = (
				7A8E9B6B1C3A1CD500D529C4 /* HappyWeadFang.app */,
			);
			name = Products;
			sourceTree = "<group>";
		};
		7A8E9B6D1C3A1CD500D529C4 /* HappyWeadFang */ = {
			isa = PBXGroup;
			children = (
				7A19A1BC1C3A4E300010BAB5 /* Classes */,
				7A19A1D21C3A4E6B0010BAB5 /* Library */,
				7AE08FAE1C3CAC7900D97B2B /* pch */,
				7A19A1D31C3A4FA60010BAB5 /* Resources */,
				7A8E9B711C3A1CD500D529C4 /* AppDelegate.h */,
				7A8E9B721C3A1CD500D529C4 /* AppDelegate.m */,
				7A8E9B741C3A1CD500D529C4 /* Assets.xcassets */,
				7A8E9B761C3A1CD500D529C4 /* LaunchScreen.storyboard */,
				7A8E9B791C3A1CD500D529C4 /* Info.plist */,
				7A8E9B6E1C3A1CD500D529C4 /* Supporting Files */,
			);
			path = HappyWeadFang;
			sourceTree = "<group>";
		};
		7A8E9B6E1C3A1CD500D529C4 /* Supporting Files */ = {
			isa = PBXGroup;
			children = (
				7A8E9B6F1C3A1CD500D529C4 /* main.m */,
			);
			name = "Supporting Files";
			sourceTree = "<group>";
		};
		7AB5F6701C43912700E88877 /* VOSegmentedControl */ = {
			isa = PBXGroup;
			children = (
				7AB5F6711C43912700E88877 /* VOContentLayer.h */,
				7AB5F6721C43912700E88877 /* VOContentLayer.m */,
				7AB5F6731C43912700E88877 /* VOIndicatorAnimation.h */,
				7AB5F6741C43912700E88877 /* VOIndicatorAnimation.m */,
				7AB5F6751C43912700E88877 /* VOSegment.h */,
				7AB5F6761C43912700E88877 /* VOSegment.m */,
				7AB5F6771C43912700E88877 /* VOSegmentedControl.h */,
				7AB5F6781C43912700E88877 /* VOSegmentedControl.m */,
			);
			path = VOSegmentedControl;
			sourceTree = "<group>";
		};
		7AE08FAE1C3CAC7900D97B2B /* pch */ = {
			isa = PBXGroup;
			children = (
				7AE08FAF1C3CAC7900D97B2B /* Prefix.pch */,
			);
			path = pch;
			sourceTree = "<group>";
		};
		7AE08FB11C3CB34800D97B2B /* HWTools */ = {
			isa = PBXGroup;
			children = (
				7A9AB27E1C3E5B0B00BD1D1B /* UIView+Estension.h */,
				7A9AB27F1C3E5B0B00BD1D1B /* UIView+Estension.m */,
				7A9AB27B1C3E4C5300BD1D1B /* HWTools.h */,
				7A9AB27C1C3E4C5300BD1D1B /* HWTools.m */,
				7AE08FCD1C3D205500D97B2B /* UIViewController+Common.h */,
				7AE08FCE1C3D205500D97B2B /* UIViewController+Common.m */,
				7AE08FB21C3CB34800D97B2B /* Header.h */,
			);
			path = HWTools;
			sourceTree = "<group>";
		};
		88982E3C3299CD19C84C53E0 /* Pods */ = {
			isa = PBXGroup;
			children = (
				B8D3842EB655D3CAF228A2C5 /* Pods.debug.xcconfig */,
				FF2496CD85BFA8D999F32832 /* Pods.release.xcconfig */,
			);
			name = Pods;
			sourceTree = "<group>";
		};
/* End PBXGroup section */

/* Begin PBXNativeTarget section */
		7A8E9B6A1C3A1CD500D529C4 /* HappyWeadFang */ = {
			isa = PBXNativeTarget;
			buildConfigurationList = 7A8E9B7C1C3A1CD500D529C4 /* Build configuration list for PBXNativeTarget "HappyWeadFang" */;
			buildPhases = (
				EC77C89CB2EEA9E8429598A6 /* Check Pods Manifest.lock */,
				7A8E9B671C3A1CD500D529C4 /* Sources */,
				7A8E9B681C3A1CD500D529C4 /* Frameworks */,
				7A8E9B691C3A1CD500D529C4 /* Resources */,
				B7C13AADB4C6AD320BC88B94 /* Embed Pods Frameworks */,
				2A5D3009B1D85089D2F6887B /* Copy Pods Resources */,
			);
			buildRules = (
			);
			dependencies = (
			);
			name = HappyWeadFang;
			productName = HappyWeadFang;
			productReference = 7A8E9B6B1C3A1CD500D529C4 /* HappyWeadFang.app */;
			productType = "com.apple.product-type.application";
		};
/* End PBXNativeTarget section */

/* Begin PBXProject section */
		7A8E9B631C3A1CD500D529C4 /* Project object */ = {
			isa = PBXProject;
			attributes = {
				LastUpgradeCheck = 0720;
				ORGANIZATIONNAME = "范芳芳";
				TargetAttributes = {
					7A8E9B6A1C3A1CD500D529C4 = {
						CreatedOnToolsVersion = 7.2;
					};
				};
			};
			buildConfigurationList = 7A8E9B661C3A1CD500D529C4 /* Build configuration list for PBXProject "HappyWeadFang" */;
			compatibilityVersion = "Xcode 3.2";
			developmentRegion = English;
			hasScannedForEncodings = 0;
			knownRegions = (
				en,
				Base,
			);
			mainGroup = 7A8E9B621C3A1CD500D529C4;
			productRefGroup = 7A8E9B6C1C3A1CD500D529C4 /* Products */;
			projectDirPath = "";
			projectRoot = "";
			targets = (
				7A8E9B6A1C3A1CD500D529C4 /* HappyWeadFang */,
			);
		};
/* End PBXProject section */

/* Begin PBXResourcesBuildPhase section */
		7A8E9B691C3A1CD500D529C4 /* Resources */ = {
			isa = PBXResourcesBuildPhase;
			buildActionMask = 2147483647;
			files = (
				7A19A1D51C3A50680010BAB5 /* Main.storyboard in Resources */,
				7A19A1D71C3A50900010BAB5 /* Discover.storyboard in Resources */,
				7A3D71051C3F5817003B616E /* Activity.plist in Resources */,
				7A3D710F1C3F9A5A003B616E /* MainTableViewCell.xib in Resources */,
				7A3D71181C3F9E82003B616E /* blueArrowDown.png in Resources */,
				7A19A1D91C3A50C30010BAB5 /* Mine.storyboard in Resources */,
				7AB1328E1C3FBCC000192BEF /* good.plist in Resources */,
				7A7900041C43A8440049133E /* typeid23.plist in Resources */,
				7A3D71111C3F9A9C003B616E /* Main.plist in Resources */,
				7A8E9B751C3A1CD500D529C4 /* Assets.xcassets in Resources */,
				7A7900021C43A8440049133E /* typeid6.plist in Resources */,
				7A3D71171C3F9E82003B616E /* blueArrow.png in Resources */,
				7A7900051C43A8440049133E /* typeud21.plist in Resources */,
				7A7900031C43A8440049133E /* typeid22.plist in Resources */,
				7A06D54B1C40DA32003039A8 /* GoodTableViewCell.xib in Resources */,
				7A3D71071C3F5B08003B616E /* Theme.plist in Resources */,
				7A8E9B781C3A1CD500D529C4 /* LaunchScreen.storyboard in Resources */,
				7A792C3A1C4218900059C918 /* HotTableViewCell.xib in Resources */,
			);
			runOnlyForDeploymentPostprocessing = 0;
		};
/* End PBXResourcesBuildPhase section */

/* Begin PBXShellScriptBuildPhase section */
		2A5D3009B1D85089D2F6887B /* Copy Pods Resources */ = {
			isa = PBXShellScriptBuildPhase;
			buildActionMask = 2147483647;
			files = (
			);
			inputPaths = (
			);
			name = "Copy Pods Resources";
			outputPaths = (
			);
			runOnlyForDeploymentPostprocessing = 0;
			shellPath = /bin/sh;
			shellScript = "\"${SRCROOT}/Pods/Target Support Files/Pods/Pods-resources.sh\"\n";
			showEnvVarsInLog = 0;
		};
		B7C13AADB4C6AD320BC88B94 /* Embed Pods Frameworks */ = {
			isa = PBXShellScriptBuildPhase;
			buildActionMask = 2147483647;
			files = (
			);
			inputPaths = (
			);
			name = "Embed Pods Frameworks";
			outputPaths = (
			);
			runOnlyForDeploymentPostprocessing = 0;
			shellPath = /bin/sh;
			shellScript = "\"${SRCROOT}/Pods/Target Support Files/Pods/Pods-frameworks.sh\"\n";
			showEnvVarsInLog = 0;
		};
		EC77C89CB2EEA9E8429598A6 /* Check Pods Manifest.lock */ = {
			isa = PBXShellScriptBuildPhase;
			buildActionMask = 2147483647;
			files = (
			);
			inputPaths = (
			);
			name = "Check Pods Manifest.lock";
			outputPaths = (
			);
			runOnlyForDeploymentPostprocessing = 0;
			shellPath = /bin/sh;
			shellScript = "diff \"${PODS_ROOT}/../Podfile.lock\" \"${PODS_ROOT}/Manifest.lock\" > /dev/null\nif [[ $? != 0 ]] ; then\n    cat << EOM\nerror: The sandbox is not in sync with the Podfile.lock. Run 'pod install' or update your CocoaPods installation.\nEOM\n    exit 1\nfi\n";
			showEnvVarsInLog = 0;
		};
/* End PBXShellScriptBuildPhase section */

/* Begin PBXSourcesBuildPhase section */
		7A8E9B671C3A1CD500D529C4 /* Sources */ = {
			isa = PBXSourcesBuildPhase;
			buildActionMask = 2147483647;
			files = (
				7A9AB27D1C3E4C5300BD1D1B /* HWTools.m in Sources */,
				7AB5F67A1C43912700E88877 /* VOIndicatorAnimation.m in Sources */,
				7A8B981A1C42696A0023E6E5 /* HotModel.m in Sources */,
				7AB5F6791C43912700E88877 /* VOContentLayer.m in Sources */,
				7AE08FC11C3CBFE200D97B2B /* ClassifyViewController.m in Sources */,
				7AB5F67B1C43912700E88877 /* VOSegment.m in Sources */,
				7AE08FC71C3CC08300D97B2B /* HotActivityViewController.m in Sources */,
				7AE08FB51C3CBC1B00D97B2B /* SelectViewController.m in Sources */,
				7A06D5461C40D9C7003039A8 /* GoodActivityViewController.m in Sources */,
				7A8E9B731C3A1CD500D529C4 /* AppDelegate.m in Sources */,
				7A9AB2801C3E5B0B00BD1D1B /* UIView+Estension.m in Sources */,
				7A19A1CF1C3A4E300010BAB5 /* DiscoverViewController.m in Sources */,
				7AE08FBE1C3CBF4300D97B2B /* ThemeViewViewController.m in Sources */,
				7AB5F67C1C43912700E88877 /* VOSegmentedControl.m in Sources */,
				7AB132911C3FBE3600192BEF /* GoodActivityModel.m in Sources */,
				7A06D54A1C40DA32003039A8 /* GoodTableViewCell.m in Sources */,
				7AE08FB81C3CBDC000D97B2B /* SearchViewController.m in Sources */,
				7A3D710A1C3F5EC8003B616E /* ActivityThemeView.m in Sources */,
				7A19A1D11C3A4E300010BAB5 /* MineViewController.m in Sources */,
				7A8E9B701C3A1CD500D529C4 /* main.m in Sources */,
				7A3D71191C3F9E82003B616E /* PullingRefreshTableView.m in Sources */,
				7A3D710E1C3F9A5A003B616E /* MainTableViewCell.m in Sources */,
				7A792C391C4218900059C918 /* HotTableViewCell.m in Sources */,
				7A19A1D01C3A4E300010BAB5 /* MainViewController.m in Sources */,
				7A39F51C1C3BA06800961839 /* MainModel.m in Sources */,
				7AE08FCF1C3D205500D97B2B /* UIViewController+Common.m in Sources */,
				7AE08FBB1C3CBE7000D97B2B /* ActivityViewController.m in Sources */,
				7A9AB2421C3E10DB00BD1D1B /* AcyivityDetailView.m in Sources */,
			);
			runOnlyForDeploymentPostprocessing = 0;
		};
/* End PBXSourcesBuildPhase section */

/* Begin PBXVariantGroup section */
		7A8E9B761C3A1CD500D529C4 /* LaunchScreen.storyboard */ = {
			isa = PBXVariantGroup;
			children = (
				7A8E9B771C3A1CD500D529C4 /* Base */,
			);
			name = LaunchScreen.storyboard;
			sourceTree = "<group>";
		};
/* End PBXVariantGroup section */

/* Begin XCBuildConfiguration section */
		7A8E9B7A1C3A1CD500D529C4 /* Debug */ = {
			isa = XCBuildConfiguration;
			buildSettings = {
				ALWAYS_SEARCH_USER_PATHS = NO;
				CLANG_CXX_LANGUAGE_STANDARD = "gnu++0x";
				CLANG_CXX_LIBRARY = "libc++";
				CLANG_ENABLE_MODULES = YES;
				CLANG_ENABLE_OBJC_ARC = YES;
				CLANG_WARN_BOOL_CONVERSION = YES;
				CLANG_WARN_CONSTANT_CONVERSION = YES;
				CLANG_WARN_DIRECT_OBJC_ISA_USAGE = YES_ERROR;
				CLANG_WARN_EMPTY_BODY = YES;
				CLANG_WARN_ENUM_CONVERSION = YES;
				CLANG_WARN_INT_CONVERSION = YES;
				CLANG_WARN_OBJC_ROOT_CLASS = YES_ERROR;
				CLANG_WARN_UNREACHABLE_CODE = YES;
				CLANG_WARN__DUPLICATE_METHOD_MATCH = YES;
				"CODE_SIGN_IDENTITY[sdk=iphoneos*]" = "iPhone Developer";
				COPY_PHASE_STRIP = NO;
				DEBUG_INFORMATION_FORMAT = dwarf;
				ENABLE_STRICT_OBJC_MSGSEND = YES;
				ENABLE_TESTABILITY = YES;
				GCC_C_LANGUAGE_STANDARD = gnu99;
				GCC_DYNAMIC_NO_PIC = NO;
				GCC_NO_COMMON_BLOCKS = YES;
				GCC_OPTIMIZATION_LEVEL = 0;
				GCC_PREPROCESSOR_DEFINITIONS = (
					"DEBUG=1",
					"$(inherited)",
				);
				GCC_WARN_64_TO_32_BIT_CONVERSION = YES;
				GCC_WARN_ABOUT_RETURN_TYPE = YES_ERROR;
				GCC_WARN_UNDECLARED_SELECTOR = YES;
				GCC_WARN_UNINITIALIZED_AUTOS = YES_AGGRESSIVE;
				GCC_WARN_UNUSED_FUNCTION = YES;
				GCC_WARN_UNUSED_VARIABLE = YES;
				IPHONEOS_DEPLOYMENT_TARGET = 9.2;
				MTL_ENABLE_DEBUG_INFO = YES;
				ONLY_ACTIVE_ARCH = YES;
				SDKROOT = iphoneos;
			};
			name = Debug;
		};
		7A8E9B7B1C3A1CD500D529C4 /* Release */ = {
			isa = XCBuildConfiguration;
			buildSettings = {
				ALWAYS_SEARCH_USER_PATHS = NO;
				CLANG_CXX_LANGUAGE_STANDARD = "gnu++0x";
				CLANG_CXX_LIBRARY = "libc++";
				CLANG_ENABLE_MODULES = YES;
				CLANG_ENABLE_OBJC_ARC = YES;
				CLANG_WARN_BOOL_CONVERSION = YES;
				CLANG_WARN_CONSTANT_CONVERSION = YES;
				CLANG_WARN_DIRECT_OBJC_ISA_USAGE = YES_ERROR;
				CLANG_WARN_EMPTY_BODY = YES;
				CLANG_WARN_ENUM_CONVERSION = YES;
				CLANG_WARN_INT_CONVERSION = YES;
				CLANG_WARN_OBJC_ROOT_CLASS = YES_ERROR;
				CLANG_WARN_UNREACHABLE_CODE = YES;
				CLANG_WARN__DUPLICATE_METHOD_MATCH = YES;
				"CODE_SIGN_IDENTITY[sdk=iphoneos*]" = "iPhone Developer";
				COPY_PHASE_STRIP = NO;
				DEBUG_INFORMATION_FORMAT = "dwarf-with-dsym";
				ENABLE_NS_ASSERTIONS = NO;
				ENABLE_STRICT_OBJC_MSGSEND = YES;
				GCC_C_LANGUAGE_STANDARD = gnu99;
				GCC_NO_COMMON_BLOCKS = YES;
				GCC_WARN_64_TO_32_BIT_CONVERSION = YES;
				GCC_WARN_ABOUT_RETURN_TYPE = YES_ERROR;
				GCC_WARN_UNDECLARED_SELECTOR = YES;
				GCC_WARN_UNINITIALIZED_AUTOS = YES_AGGRESSIVE;
				GCC_WARN_UNUSED_FUNCTION = YES;
				GCC_WARN_UNUSED_VARIABLE = YES;
				IPHONEOS_DEPLOYMENT_TARGET = 9.2;
				MTL_ENABLE_DEBUG_INFO = NO;
				SDKROOT = iphoneos;
				VALIDATE_PRODUCT = YES;
			};
			name = Release;
		};
		7A8E9B7D1C3A1CD500D529C4 /* Debug */ = {
			isa = XCBuildConfiguration;
			baseConfigurationReference = B8D3842EB655D3CAF228A2C5 /* Pods.debug.xcconfig */;
			buildSettings = {
				ASSETCATALOG_COMPILER_APPICON_NAME = AppIcon;
				GCC_PRECOMPILE_PREFIX_HEADER = YES;
				GCC_PREFIX_HEADER = "$(SRCROOT)/HappyWeadFang/pch/Prefix.pch";
				INFOPLIST_FILE = HappyWeadFang/Info.plist;
				IPHONEOS_DEPLOYMENT_TARGET = 8.0;
				LD_RUNPATH_SEARCH_PATHS = "$(inherited) @executable_path/Frameworks";
				PRODUCT_BUNDLE_IDENTIFIER = MangoiOS.HappyWeadFang;
				PRODUCT_NAME = "$(TARGET_NAME)";
			};
			name = Debug;
		};
		7A8E9B7E1C3A1CD500D529C4 /* Release */ = {
			isa = XCBuildConfiguration;
			baseConfigurationReference = FF2496CD85BFA8D999F32832 /* Pods.release.xcconfig */;
			buildSettings = {
				ASSETCATALOG_COMPILER_APPICON_NAME = AppIcon;
				GCC_PRECOMPILE_PREFIX_HEADER = YES;
				GCC_PREFIX_HEADER = "$(SRCROOT)/HappyWeadFang/pch/Prefix.pch";
				INFOPLIST_FILE = HappyWeadFang/Info.plist;
				IPHONEOS_DEPLOYMENT_TARGET = 8.0;
				LD_RUNPATH_SEARCH_PATHS = "$(inherited) @executable_path/Frameworks";
				PRODUCT_BUNDLE_IDENTIFIER = MangoiOS.HappyWeadFang;
				PRODUCT_NAME = "$(TARGET_NAME)";
			};
			name = Release;
		};
/* End XCBuildConfiguration section */

/* Begin XCConfigurationList section */
		7A8E9B661C3A1CD500D529C4 /* Build configuration list for PBXProject "HappyWeadFang" */ = {
			isa = XCConfigurationList;
			buildConfigurations = (
				7A8E9B7A1C3A1CD500D529C4 /* Debug */,
				7A8E9B7B1C3A1CD500D529C4 /* Release */,
			);
			defaultConfigurationIsVisible = 0;
			defaultConfigurationName = Release;
		};
		7A8E9B7C1C3A1CD500D529C4 /* Build configuration list for PBXNativeTarget "HappyWeadFang" */ = {
			isa = XCConfigurationList;
			buildConfigurations = (
				7A8E9B7D1C3A1CD500D529C4 /* Debug */,
				7A8E9B7E1C3A1CD500D529C4 /* Release */,
			);
			defaultConfigurationIsVisible = 0;
			defaultConfigurationName = Release;
		};
/* End XCConfigurationList section */
	};
	rootObject = 7A8E9B631C3A1CD500D529C4 /* Project object */;
}
